// !$*UTF8*$!
{
	archiveVersion = 1;
	classes = {
	};
	objectVersion = 51;
	objects = {

/* Begin PBXBuildFile section */
		375A097126BA3414003DEA79 /* Utiles.swift in Sources */ = {isa = PBXBuildFile; fileRef = 375A097026BA3414003DEA79 /* Utiles.swift */; };
		375A097326BA3D23003DEA79 /* HomeView.swift in Sources */ = {isa = PBXBuildFile; fileRef = 375A097226BA3D23003DEA79 /* HomeView.swift */; };
		3767AC6026B239B10064E738 /* FilmsView.swift in Sources */ = {isa = PBXBuildFile; fileRef = 3767AC5F26B239B10064E738 /* FilmsView.swift */; };
		3767AC6226B239D60064E738 /* PlanetsView.swift in Sources */ = {isa = PBXBuildFile; fileRef = 3767AC6126B239D60064E738 /* PlanetsView.swift */; };
		3767AC6426B239E80064E738 /* SpeciesView.swift in Sources */ = {isa = PBXBuildFile; fileRef = 3767AC6326B239E80064E738 /* SpeciesView.swift */; };
		3767AC6626B239FA0064E738 /* StarshipsView.swift in Sources */ = {isa = PBXBuildFile; fileRef = 3767AC6526B239FA0064E738 /* StarshipsView.swift */; };
		3767AC6826B23A0C0064E738 /* VehiclesView.swift in Sources */ = {isa = PBXBuildFile; fileRef = 3767AC6726B23A0C0064E738 /* VehiclesView.swift */; };
		37CE2A8C26B504DB00DE44D4 /* PersonView.swift in Sources */ = {isa = PBXBuildFile; fileRef = 37CE2A8B26B504DB00DE44D4 /* PersonView.swift */; };
		37FB22B826A127C100554B00 /* AppDelegate.swift in Sources */ = {isa = PBXBuildFile; fileRef = 37FB22B726A127C100554B00 /* AppDelegate.swift */; };
		37FB22BA26A127C100554B00 /* SceneDelegate.swift in Sources */ = {isa = PBXBuildFile; fileRef = 37FB22B926A127C100554B00 /* SceneDelegate.swift */; };
		37FB22BC26A127C100554B00 /* ContentView.swift in Sources */ = {isa = PBXBuildFile; fileRef = 37FB22BB26A127C100554B00 /* ContentView.swift */; };
		37FB22BE26A127C300554B00 /* Assets.xcassets in Resources */ = {isa = PBXBuildFile; fileRef = 37FB22BD26A127C300554B00 /* Assets.xcassets */; };
		37FB22C126A127C300554B00 /* Preview Assets.xcassets in Resources */ = {isa = PBXBuildFile; fileRef = 37FB22C026A127C300554B00 /* Preview Assets.xcassets */; };
		37FB22C426A127C300554B00 /* LaunchScreen.storyboard in Resources */ = {isa = PBXBuildFile; fileRef = 37FB22C226A127C300554B00 /* LaunchScreen.storyboard */; };
		37FB22CD26A1293200554B00 /* Api.swift in Sources */ = {isa = PBXBuildFile; fileRef = 37FB22CC26A1293200554B00 /* Api.swift */; };
		37FB22CF26A129A700554B00 /* Films.swift in Sources */ = {isa = PBXBuildFile; fileRef = 37FB22CE26A129A700554B00 /* Films.swift */; };
		37FB22D126A129BC00554B00 /* People.swift in Sources */ = {isa = PBXBuildFile; fileRef = 37FB22D026A129BC00554B00 /* People.swift */; };
		37FB22D326A129CA00554B00 /* Planets.swift in Sources */ = {isa = PBXBuildFile; fileRef = 37FB22D226A129CA00554B00 /* Planets.swift */; };
		37FB22D526A129D800554B00 /* Species.swift in Sources */ = {isa = PBXBuildFile; fileRef = 37FB22D426A129D800554B00 /* Species.swift */; };
		37FB22D726A129E500554B00 /* Starships.swift in Sources */ = {isa = PBXBuildFile; fileRef = 37FB22D626A129E500554B00 /* Starships.swift */; };
		37FB22D926A129F300554B00 /* Vehicles.swift in Sources */ = {isa = PBXBuildFile; fileRef = 37FB22D826A129F200554B00 /* Vehicles.swift */; };
		37FB22DC26A12D2700554B00 /* PeopleView.swift in Sources */ = {isa = PBXBuildFile; fileRef = 37FB22DB26A12D2700554B00 /* PeopleView.swift */; };
		B4D1B5AFB6CE345EB54098E3 /* Pods_StarWars.framework in Frameworks */ = {isa = PBXBuildFile; fileRef = 0D65CE4DCB2148CA8B4DF898 /* Pods_StarWars.framework */; };
/* End PBXBuildFile section */

/* Begin PBXFileReference section */
		0D65CE4DCB2148CA8B4DF898 /* Pods_StarWars.framework */ = {isa = PBXFileReference; explicitFileType = wrapper.framework; includeInIndex = 0; path = Pods_StarWars.framework; sourceTree = BUILT_PRODUCTS_DIR; };
		375A097026BA3414003DEA79 /* Utiles.swift */ = {isa = PBXFileReference; lastKnownFileType = sourcecode.swift; path = Utiles.swift; sourceTree = "<group>"; };
		375A097226BA3D23003DEA79 /* HomeView.swift */ = {isa = PBXFileReference; lastKnownFileType = sourcecode.swift; path = HomeView.swift; sourceTree = "<group>"; };
		3767AC5F26B239B10064E738 /* FilmsView.swift */ = {isa = PBXFileReference; lastKnownFileType = sourcecode.swift; path = FilmsView.swift; sourceTree = "<group>"; };
		3767AC6126B239D60064E738 /* PlanetsView.swift */ = {isa = PBXFileReference; lastKnownFileType = sourcecode.swift; path = PlanetsView.swift; sourceTree = "<group>"; };
		3767AC6326B239E80064E738 /* SpeciesView.swift */ = {isa = PBXFileReference; lastKnownFileType = sourcecode.swift; path = SpeciesView.swift; sourceTree = "<group>"; };
		3767AC6526B239FA0064E738 /* StarshipsView.swift */ = {isa = PBXFileReference; lastKnownFileType = sourcecode.swift; path = StarshipsView.swift; sourceTree = "<group>"; };
		3767AC6726B23A0C0064E738 /* VehiclesView.swift */ = {isa = PBXFileReference; lastKnownFileType = sourcecode.swift; path = VehiclesView.swift; sourceTree = "<group>"; };
		37CE2A8B26B504DB00DE44D4 /* PersonView.swift */ = {isa = PBXFileReference; lastKnownFileType = sourcecode.swift; path = PersonView.swift; sourceTree = "<group>"; };
		37FB22B426A127C100554B00 /* StarWars.app */ = {isa = PBXFileReference; explicitFileType = wrapper.application; includeInIndex = 0; path = StarWars.app; sourceTree = BUILT_PRODUCTS_DIR; };
		37FB22B726A127C100554B00 /* AppDelegate.swift */ = {isa = PBXFileReference; lastKnownFileType = sourcecode.swift; path = AppDelegate.swift; sourceTree = "<group>"; };
		37FB22B926A127C100554B00 /* SceneDelegate.swift */ = {isa = PBXFileReference; lastKnownFileType = sourcecode.swift; path = SceneDelegate.swift; sourceTree = "<group>"; };
		37FB22BB26A127C100554B00 /* ContentView.swift */ = {isa = PBXFileReference; lastKnownFileType = sourcecode.swift; path = ContentView.swift; sourceTree = "<group>"; };
		37FB22BD26A127C300554B00 /* Assets.xcassets */ = {isa = PBXFileReference; lastKnownFileType = folder.assetcatalog; path = Assets.xcassets; sourceTree = "<group>"; };
		37FB22C026A127C300554B00 /* Preview Assets.xcassets */ = {isa = PBXFileReference; lastKnownFileType = folder.assetcatalog; path = "Preview Assets.xcassets"; sourceTree = "<group>"; };
		37FB22C326A127C300554B00 /* Base */ = {isa = PBXFileReference; lastKnownFileType = file.storyboard; name = Base; path = Base.lproj/LaunchScreen.storyboard; sourceTree = "<group>"; };
		37FB22C526A127C300554B00 /* Info.plist */ = {isa = PBXFileReference; lastKnownFileType = text.plist.xml; path = Info.plist; sourceTree = "<group>"; };
		37FB22CC26A1293200554B00 /* Api.swift */ = {isa = PBXFileReference; lastKnownFileType = sourcecode.swift; path = Api.swift; sourceTree = "<group>"; };
		37FB22CE26A129A700554B00 /* Films.swift */ = {isa = PBXFileReference; lastKnownFileType = sourcecode.swift; path = Films.swift; sourceTree = "<group>"; };
		37FB22D026A129BC00554B00 /* People.swift */ = {isa = PBXFileReference; lastKnownFileType = sourcecode.swift; path = People.swift; sourceTree = "<group>"; };
		37FB22D226A129CA00554B00 /* Planets.swift */ = {isa = PBXFileReference; lastKnownFileType = sourcecode.swift; path = Planets.swift; sourceTree = "<group>"; };
		37FB22D426A129D800554B00 /* Species.swift */ = {isa = PBXFileReference; lastKnownFileType = sourcecode.swift; path = Species.swift; sourceTree = "<group>"; };
		37FB22D626A129E500554B00 /* Starships.swift */ = {isa = PBXFileReference; lastKnownFileType = sourcecode.swift; path = Starships.swift; sourceTree = "<group>"; };
		37FB22D826A129F200554B00 /* Vehicles.swift */ = {isa = PBXFileReference; lastKnownFileType = sourcecode.swift; path = Vehicles.swift; sourceTree = "<group>"; };
		37FB22DB26A12D2700554B00 /* PeopleView.swift */ = {isa = PBXFileReference; lastKnownFileType = sourcecode.swift; path = PeopleView.swift; sourceTree = "<group>"; };
		3A3DEEE84932461BC683C3F2 /* Pods-StarWars.release.xcconfig */ = {isa = PBXFileReference; includeInIndex = 1; lastKnownFileType = text.xcconfig; name = "Pods-StarWars.release.xcconfig"; path = "Target Support Files/Pods-StarWars/Pods-StarWars.release.xcconfig"; sourceTree = "<group>"; };
		E8E83A7B0C27242321807164 /* Pods-StarWars.debug.xcconfig */ = {isa = PBXFileReference; includeInIndex = 1; lastKnownFileType = text.xcconfig; name = "Pods-StarWars.debug.xcconfig"; path = "Target Support Files/Pods-StarWars/Pods-StarWars.debug.xcconfig"; sourceTree = "<group>"; };
/* End PBXFileReference section */

/* Begin PBXFrameworksBuildPhase section */
		37FB22B126A127C100554B00 /* Frameworks */ = {
			isa = PBXFrameworksBuildPhase;
			buildActionMask = 2147483647;
			files = (
				B4D1B5AFB6CE345EB54098E3 /* Pods_StarWars.framework in Frameworks */,
			);
			runOnlyForDeploymentPostprocessing = 0;
		};
/* End PBXFrameworksBuildPhase section */

/* Begin PBXGroup section */
		2AA2F0BFCD4D9515F38486C4 /* Frameworks */ = {
			isa = PBXGroup;
			children = (
				0D65CE4DCB2148CA8B4DF898 /* Pods_StarWars.framework */,
			);
			name = Frameworks;
			sourceTree = "<group>";
		};
		37FB22AB26A127C100554B00 = {
			isa = PBXGroup;
			children = (
				2AA2F0BFCD4D9515F38486C4 /* Frameworks */,
				A742EF5B4583E55A5AF5E524 /* Pods */,
				37FB22B526A127C100554B00 /* Products */,
				37FB22B626A127C100554B00 /* StarWars */,
			);
			sourceTree = "<group>";
		};
		37FB22B526A127C100554B00 /* Products */ = {
			isa = PBXGroup;
			children = (
				37FB22B426A127C100554B00 /* StarWars.app */,
			);
			name = Products;
			sourceTree = "<group>";
		};
		37FB22B626A127C100554B00 /* StarWars */ = {
			isa = PBXGroup;
			children = (
				37FB22CB26A1292500554B00 /* Api */,
				37FB22DA26A12C5300554B00 /* Views */,
				37FB22B726A127C100554B00 /* AppDelegate.swift */,
				37FB22BD26A127C300554B00 /* Assets.xcassets */,
				37FB22BB26A127C100554B00 /* ContentView.swift */,
				37FB22C526A127C300554B00 /* Info.plist */,
				37FB22C226A127C300554B00 /* LaunchScreen.storyboard */,
				37FB22BF26A127C300554B00 /* Preview Content */,
				37FB22B926A127C100554B00 /* SceneDelegate.swift */,
			);
			path = StarWars;
			sourceTree = "<group>";
		};
		37FB22BF26A127C300554B00 /* Preview Content */ = {
			isa = PBXGroup;
			children = (
				37FB22C026A127C300554B00 /* Preview Assets.xcassets */,
			);
			path = "Preview Content";
			sourceTree = "<group>";
		};
		37FB22CB26A1292500554B00 /* Api */ = {
			isa = PBXGroup;
			children = (
				37FB22CC26A1293200554B00 /* Api.swift */,
				37FB22CE26A129A700554B00 /* Films.swift */,
				37FB22D026A129BC00554B00 /* People.swift */,
				37FB22D226A129CA00554B00 /* Planets.swift */,
				37FB22D426A129D800554B00 /* Species.swift */,
				37FB22D626A129E500554B00 /* Starships.swift */,
				37FB22D826A129F200554B00 /* Vehicles.swift */,
				375A097026BA3414003DEA79 /* Utiles.swift */,
			);
			path = Api;
			sourceTree = "<group>";
		};
		37FB22DA26A12C5300554B00 /* Views */ = {
			isa = PBXGroup;
			children = (
				37FB22DB26A12D2700554B00 /* PeopleView.swift */,
				3767AC5F26B239B10064E738 /* FilmsView.swift */,
				3767AC6126B239D60064E738 /* PlanetsView.swift */,
				3767AC6326B239E80064E738 /* SpeciesView.swift */,
				3767AC6526B239FA0064E738 /* StarshipsView.swift */,
				3767AC6726B23A0C0064E738 /* VehiclesView.swift */,
				37CE2A8B26B504DB00DE44D4 /* PersonView.swift */,
				375A097226BA3D23003DEA79 /* HomeView.swift */,
			);
			path = Views;
			sourceTree = "<group>";
		};
		A742EF5B4583E55A5AF5E524 /* Pods */ = {
			isa = PBXGroup;
			children = (
				E8E83A7B0C27242321807164 /* Pods-StarWars.debug.xcconfig */,
				3A3DEEE84932461BC683C3F2 /* Pods-StarWars.release.xcconfig */,
			);
			path = Pods;
			sourceTree = "<group>";
		};
/* End PBXGroup section */

/* Begin PBXNativeTarget section */
		37FB22B326A127C100554B00 /* StarWars */ = {
			isa = PBXNativeTarget;
			buildConfigurationList = 37FB22C826A127C300554B00 /* Build configuration list for PBXNativeTarget "StarWars" */;
			buildPhases = (
				72AC96D4AD46F7BA88BAA036 /* [CP] Check Pods Manifest.lock */,
				37FB22B026A127C100554B00 /* Sources */,
				37FB22B126A127C100554B00 /* Frameworks */,
				37FB22B226A127C100554B00 /* Resources */,
				01F58B75249B7699D567B1BD /* [CP] Embed Pods Frameworks */,
			);
			buildRules = (
			);
			dependencies = (
			);
			name = StarWars;
			productName = StarWars;
			productReference = 37FB22B426A127C100554B00 /* StarWars.app */;
			productType = "com.apple.product-type.application";
		};
/* End PBXNativeTarget section */

/* Begin PBXProject section */
		37FB22AC26A127C100554B00 /* Project object */ = {
			isa = PBXProject;
			attributes = {
				LastSwiftUpdateCheck = 1130;
				LastUpgradeCheck = 1130;
				ORGANIZATIONNAME = EzeRoldan;
				TargetAttributes = {
					37FB22B326A127C100554B00 = {
						CreatedOnToolsVersion = 11.3.1;
					};
				};
			};
			buildConfigurationList = 37FB22AF26A127C100554B00 /* Build configuration list for PBXProject "StarWars" */;
			compatibilityVersion = "Xcode 9.3";
			developmentRegion = en;
			hasScannedForEncodings = 0;
			knownRegions = (
				en,
				Base,
			);
			mainGroup = 37FB22AB26A127C100554B00;
			productRefGroup = 37FB22B526A127C100554B00 /* Products */;
			projectDirPath = "";
			projectRoot = "";
			targets = (
				37FB22B326A127C100554B00 /* StarWars */,
			);
		};
/* End PBXProject section */

/* Begin PBXResourcesBuildPhase section */
		37FB22B226A127C100554B00 /* Resources */ = {
			isa = PBXResourcesBuildPhase;
			buildActionMask = 2147483647;
			files = (
				37FB22C426A127C300554B00 /* LaunchScreen.storyboard in Resources */,
				37FB22C126A127C300554B00 /* Preview Assets.xcassets in Resources */,
				37FB22BE26A127C300554B00 /* Assets.xcassets in Resources */,
			);
			runOnlyForDeploymentPostprocessing = 0;
		};
/* End PBXResourcesBuildPhase section */

/* Begin PBXShellScriptBuildPhase section */
		01F58B75249B7699D567B1BD /* [CP] Embed Pods Frameworks */ = {
			isa = PBXShellScriptBuildPhase;
			buildActionMask = 2147483647;
			files = (
			);
			inputFileListPaths = (
				"${PODS_ROOT}/Target Support Files/Pods-StarWars/Pods-StarWars-frameworks-${CONFIGURATION}-input-files.xcfilelist",
			);
			name = "[CP] Embed Pods Frameworks";
			outputFileListPaths = (
				"${PODS_ROOT}/Target Support Files/Pods-StarWars/Pods-StarWars-frameworks-${CONFIGURATION}-output-files.xcfilelist",
			);
			runOnlyForDeploymentPostprocessing = 0;
			shellPath = /bin/sh;
			shellScript = "\"${PODS_ROOT}/Target Support Files/Pods-StarWars/Pods-StarWars-frameworks.sh\"\n";
			showEnvVarsInLog = 0;
		};
		72AC96D4AD46F7BA88BAA036 /* [CP] Check Pods Manifest.lock */ = {
			isa = PBXShellScriptBuildPhase;
			buildActionMask = 2147483647;
			files = (
			);
			inputFileListPaths = (
			);
			inputPaths = (
				"${PODS_PODFILE_DIR_PATH}/Podfile.lock",
				"${PODS_ROOT}/Manifest.lock",
			);
			name = "[CP] Check Pods Manifest.lock";
			outputFileListPaths = (
			);
			outputPaths = (
				"$(DERIVED_FILE_DIR)/Pods-StarWars-checkManifestLockResult.txt",
			);
			runOnlyForDeploymentPostprocessing = 0;
			shellPath = /bin/sh;
			shellScript = "diff \"${PODS_PODFILE_DIR_PATH}/Podfile.lock\" \"${PODS_ROOT}/Manifest.lock\" > /dev/null\nif [ $? != 0 ] ; then\n    # print error to STDERR\n    echo \"error: The sandbox is not in sync with the Podfile.lock. Run 'pod install' or update your CocoaPods installation.\" >&2\n    exit 1\nfi\n# This output is used by Xcode 'outputs' to avoid re-running this script phase.\necho \"SUCCESS\" > \"${SCRIPT_OUTPUT_FILE_0}\"\n";
			showEnvVarsInLog = 0;
		};
/* End PBXShellScriptBuildPhase section */

/* Begin PBXSourcesBuildPhase section */
		37FB22B026A127C100554B00 /* Sources */ = {
			isa = PBXSourcesBuildPhase;
			buildActionMask = 2147483647;
			files = (
				3767AC6626B239FA0064E738 /* StarshipsView.swift in Sources */,
				37FB22B826A127C100554B00 /* AppDelegate.swift in Sources */,
				37FB22D326A129CA00554B00 /* Planets.swift in Sources */,
				37FB22CF26A129A700554B00 /* Films.swift in Sources */,
				37FB22BA26A127C100554B00 /* SceneDelegate.swift in Sources */,
				37FB22D526A129D800554B00 /* Species.swift in Sources */,
				37CE2A8C26B504DB00DE44D4 /* PersonView.swift in Sources */,
				3767AC6226B239D60064E738 /* PlanetsView.swift in Sources */,
				37FB22D726A129E500554B00 /* Starships.swift in Sources */,
				37FB22CD26A1293200554B00 /* Api.swift in Sources */,
				37FB22DC26A12D2700554B00 /* PeopleView.swift in Sources */,
				3767AC6426B239E80064E738 /* SpeciesView.swift in Sources */,
				3767AC6826B23A0C0064E738 /* VehiclesView.swift in Sources */,
				3767AC6026B239B10064E738 /* FilmsView.swift in Sources */,
				37FB22D126A129BC00554B00 /* People.swift in Sources */,
				375A097126BA3414003DEA79 /* Utiles.swift in Sources */,
				37FB22D926A129F300554B00 /* Vehicles.swift in Sources */,
				37FB22BC26A127C100554B00 /* ContentView.swift in Sources */,
				375A097326BA3D23003DEA79 /* HomeView.swift in Sources */,
			);
			runOnlyForDeploymentPostprocessing = 0;
		};
/* End PBXSourcesBuildPhase section */

/* Begin PBXVariantGroup section */
		37FB22C226A127C300554B00 /* LaunchScreen.storyboard */ = {
			isa = PBXVariantGroup;
			children = (
				37FB22C326A127C300554B00 /* Base */,
			);
			name = LaunchScreen.storyboard;
			sourceTree = "<group>";
		};
/* End PBXVariantGroup section */

/* Begin XCBuildConfiguration section */
		37FB22C626A127C300554B00 /* Debug */ = {
			isa = XCBuildConfiguration;
			buildSettings = {
				ALWAYS_SEARCH_USER_PATHS = NO;
				CLANG_ANALYZER_NONNULL = YES;
				CLANG_ANALYZER_NUMBER_OBJECT_CONVERSION = YES_AGGRESSIVE;
				CLANG_CXX_LANGUAGE_STANDARD = "gnu++14";
				CLANG_CXX_LIBRARY = "libc++";
				CLANG_ENABLE_MODULES = YES;
				CLANG_ENABLE_OBJC_ARC = YES;
				CLANG_ENABLE_OBJC_WEAK = YES;
				CLANG_WARN_BLOCK_CAPTURE_AUTORELEASING = YES;
				CLANG_WARN_BOOL_CONVERSION = YES;
				CLANG_WARN_COMMA = YES;
				CLANG_WARN_CONSTANT_CONVERSION = YES;
				CLANG_WARN_DEPRECATED_OBJC_IMPLEMENTATIONS = YES;
				CLANG_WARN_DIRECT_OBJC_ISA_USAGE = YES_ERROR;
				CLANG_WARN_DOCUMENTATION_COMMENTS = YES;
				CLANG_WARN_EMPTY_BODY = YES;
				CLANG_WARN_ENUM_CONVERSION = YES;
				CLANG_WARN_INFINITE_RECURSION = YES;
				CLANG_WARN_INT_CONVERSION = YES;
				CLANG_WARN_NON_LITERAL_NULL_CONVERSION = YES;
				CLANG_WARN_OBJC_IMPLICIT_RETAIN_SELF = YES;
				CLANG_WARN_OBJC_LITERAL_CONVERSION = YES;
				CLANG_WARN_OBJC_ROOT_CLASS = YES_ERROR;
				CLANG_WARN_RANGE_LOOP_ANALYSIS = YES;
				CLANG_WARN_STRICT_PROTOTYPES = YES;
				CLANG_WARN_SUSPICIOUS_MOVE = YES;
				CLANG_WARN_UNGUARDED_AVAILABILITY = YES_AGGRESSIVE;
				CLANG_WARN_UNREACHABLE_CODE = YES;
				CLANG_WARN__DUPLICATE_METHOD_MATCH = YES;
				COPY_PHASE_STRIP = NO;
				DEBUG_INFORMATION_FORMAT = dwarf;
				ENABLE_STRICT_OBJC_MSGSEND = YES;
				ENABLE_TESTABILITY = YES;
				GCC_C_LANGUAGE_STANDARD = gnu11;
				GCC_DYNAMIC_NO_PIC = NO;
				GCC_NO_COMMON_BLOCKS = YES;
				GCC_OPTIMIZATION_LEVEL = 0;
				GCC_PREPROCESSOR_DEFINITIONS = (
					"DEBUG=1",
					"$(inherited)",
				);
				GCC_WARN_64_TO_32_BIT_CONVERSION = YES;
				GCC_WARN_ABOUT_RETURN_TYPE = YES_ERROR;
				GCC_WARN_UNDECLARED_SELECTOR = YES;
				GCC_WARN_UNINITIALIZED_AUTOS = YES_AGGRESSIVE;
				GCC_WARN_UNUSED_FUNCTION = YES;
				GCC_WARN_UNUSED_VARIABLE = YES;
				IPHONEOS_DEPLOYMENT_TARGET = 13.2;
				MTL_ENABLE_DEBUG_INFO = INCLUDE_SOURCE;
				MTL_FAST_MATH = YES;
				ONLY_ACTIVE_ARCH = YES;
				SDKROOT = iphoneos;
				SWIFT_ACTIVE_COMPILATION_CONDITIONS = DEBUG;
				SWIFT_OPTIMIZATION_LEVEL = "-Onone";
			};
			name = Debug;
		};
		37FB22C726A127C300554B00 /* Release */ = {
			isa = XCBuildConfiguration;
			buildSettings = {
				ALWAYS_SEARCH_USER_PATHS = NO;
				CLANG_ANALYZER_NONNULL = YES;
				CLANG_ANALYZER_NUMBER_OBJECT_CONVERSION = YES_AGGRESSIVE;
				CLANG_CXX_LANGUAGE_STANDARD = "gnu++14";
				CLANG_CXX_LIBRARY = "libc++";
				CLANG_ENABLE_MODULES = YES;
				CLANG_ENABLE_OBJC_ARC = YES;
				CLANG_ENABLE_OBJC_WEAK = YES;
				CLANG_WARN_BLOCK_CAPTURE_AUTORELEASING = YES;
				CLANG_WARN_BOOL_CONVERSION = YES;
				CLANG_WARN_COMMA = YES;
				CLANG_WARN_CONSTANT_CONVERSION = YES;
				CLANG_WARN_DEPRECATED_OBJC_IMPLEMENTATIONS = YES;
				CLANG_WARN_DIRECT_OBJC_ISA_USAGE = YES_ERROR;
				CLANG_WARN_DOCUMENTATION_COMMENTS = YES;
				CLANG_WARN_EMPTY_BODY = YES;
				CLANG_WARN_ENUM_CONVERSION = YES;
				CLANG_WARN_INFINITE_RECURSION = YES;
				CLANG_WARN_INT_CONVERSION = YES;
				CLANG_WARN_NON_LITERAL_NULL_CONVERSION = YES;
				CLANG_WARN_OBJC_IMPLICIT_RETAIN_SELF = YES;
				CLANG_WARN_OBJC_LITERAL_CONVERSION = YES;
				CLANG_WARN_OBJC_ROOT_CLASS = YES_ERROR;
				CLANG_WARN_RANGE_LOOP_ANALYSIS = YES;
				CLANG_WARN_STRICT_PROTOTYPES = YES;
				CLANG_WARN_SUSPICIOUS_MOVE = YES;
				CLANG_WARN_UNGUARDED_AVAILABILITY = YES_AGGRESSIVE;
				CLANG_WARN_UNREACHABLE_CODE = YES;
				CLANG_WARN__DUPLICATE_METHOD_MATCH = YES;
				COPY_PHASE_STRIP = NO;
				DEBUG_INFORMATION_FORMAT = "dwarf-with-dsym";
				ENABLE_NS_ASSERTIONS = NO;
				ENABLE_STRICT_OBJC_MSGSEND = YES;
				GCC_C_LANGUAGE_STANDARD = gnu11;
				GCC_NO_COMMON_BLOCKS = YES;
				GCC_WARN_64_TO_32_BIT_CONVERSION = YES;
				GCC_WARN_ABOUT_RETURN_TYPE = YES_ERROR;
				GCC_WARN_UNDECLARED_SELECTOR = YES;
				GCC_WARN_UNINITIALIZED_AUTOS = YES_AGGRESSIVE;
				GCC_WARN_UNUSED_FUNCTION = YES;
				GCC_WARN_UNUSED_VARIABLE = YES;
				IPHONEOS_DEPLOYMENT_TARGET = 13.2;
				MTL_ENABLE_DEBUG_INFO = NO;
				MTL_FAST_MATH = YES;
				SDKROOT = iphoneos;
				SWIFT_COMPILATION_MODE = wholemodule;
				SWIFT_OPTIMIZATION_LEVEL = "-O";
				VALIDATE_PRODUCT = YES;
			};
			name = Release;
		};
		37FB22C926A127C300554B00 /* Debug */ = {
			isa = XCBuildConfiguration;
			baseConfigurationReference = E8E83A7B0C27242321807164 /* Pods-StarWars.debug.xcconfig */;
			buildSettings = {
				ASSETCATALOG_COMPILER_APPICON_NAME = AppIcon;
				CODE_SIGN_STYLE = Automatic;
				DEVELOPMENT_ASSET_PATHS = "\"StarWars/Preview Content\"";
				ENABLE_PREVIEWS = YES;
				INFOPLIST_FILE = StarWars/Info.plist;
				LD_RUNPATH_SEARCH_PATHS = (
					"$(inherited)",
					"@executable_path/Frameworks",
				);
				PRODUCT_BUNDLE_IDENTIFIER = com.ezeroldan.StarWars;
				PRODUCT_NAME = "$(TARGET_NAME)";
				SWIFT_VERSION = 5.0;
				TARGETED_DEVICE_FAMILY = "1,2";
			};
			name = Debug;
		};
		37FB22CA26A127C300554B00 /* Release */ = {
			isa = XCBuildConfiguration;
			baseConfigurationReference = 3A3DEEE84932461BC683C3F2 /* Pods-StarWars.release.xcconfig */;
			buildSettings = {
				ASSETCATALOG_COMPILER_APPICON_NAME = AppIcon;
				CODE_SIGN_STYLE = Automatic;
				DEVELOPMENT_ASSET_PATHS = "\"StarWars/Preview Content\"";
				ENABLE_PREVIEWS = YES;
				INFOPLIST_FILE = StarWars/Info.plist;
				LD_RUNPATH_SEARCH_PATHS = (
					"$(inherited)",
					"@executable_path/Frameworks",
				);
				PRODUCT_BUNDLE_IDENTIFIER = com.ezeroldan.StarWars;
				PRODUCT_NAME = "$(TARGET_NAME)";
				SWIFT_VERSION = 5.0;
				TARGETED_DEVICE_FAMILY = "1,2";
			};
			name = Release;
		};
/* End XCBuildConfiguration section */

/* Begin XCConfigurationList section */
		37FB22AF26A127C100554B00 /* Build configuration list for PBXProject "StarWars" */ = {
			isa = XCConfigurationList;
			buildConfigurations = (
				37FB22C626A127C300554B00 /* Debug */,
				37FB22C726A127C300554B00 /* Release */,
			);
			defaultConfigurationIsVisible = 0;
			defaultConfigurationName = Release;
		};
		37FB22C826A127C300554B00 /* Build configuration list for PBXNativeTarget "StarWars" */ = {
			isa = XCConfigurationList;
			buildConfigurations = (
				37FB22C926A127C300554B00 /* Debug */,
				37FB22CA26A127C300554B00 /* Release */,
			);
			defaultConfigurationIsVisible = 0;
			defaultConfigurationName = Release;
		};
/* End XCConfigurationList section */
	};
	rootObject = 37FB22AC26A127C100554B00 /* Project object */;
}
